
Microsoft Visual Studio Solution File, Format Version 12.00
# Visual Studio Version 16
VisualStudioVersion = 16.0.30413.136
MinimumVisualStudioVersion = 10.0.40219.1
Project("{FAE04EC0-301F-11D3-BF4B-00C04F79EFBC}") = "Model", "Model\Model.csproj", "{E00A9536-DB04-42E8-9E17-50B651E8A597}"
EndProject
Project("{FAE04EC0-301F-11D3-BF4B-00C04F79EFBC}") = "Controller", "Controller\Controller.csproj", "{1D7CC3FD-5B55-477F-8D76-1A7295B3393F}"
EndProject
Project("{FAE04EC0-301F-11D3-BF4B-00C04F79EFBC}") = "DAL", "DAL\DAL.csproj", "{E579448B-90E6-4CD6-AC8E-456532D6E47F}"
EndProject
Project("{FAE04EC0-301F-11D3-BF4B-00C04F79EFBC}") = "REST", "REST\REST.csproj", "{34EC09FF-678C-456C-B262-2079D004364A}"
EndProject
Project("{FAE04EC0-301F-11D3-BF4B-00C04F79EFBC}") = "WebUI", "WebUI\WebUI.csproj", "{3317BC45-7C3B-48ED-A213-FCF3CC2DB1F0}"
EndProject
Project("{FAE04EC0-301F-11D3-BF4B-00C04F79EFBC}") = "WpfUI", "WpfUI\WpfUI.csproj", "{6E6859F6-D453-449C-B766-D6AA27B8E205}"
EndProject
Global
	GlobalSection(SolutionConfigurationPlatforms) = preSolution
		Debug|Any CPU = Debug|Any CPU
		Release|Any CPU = Release|Any CPU
	EndGlobalSection
	GlobalSection(ProjectConfigurationPlatforms) = postSolution
		{E00A9536-DB04-42E8-9E17-50B651E8A597}.Debug|Any CPU.ActiveCfg = Debug|Any CPU
		{E00A9536-DB04-42E8-9E17-50B651E8A597}.Debug|Any CPU.Build.0 = Debug|Any CPU
		{E00A9536-DB04-42E8-9E17-50B651E8A597}.Release|Any CPU.ActiveCfg = Release|Any CPU
		{E00A9536-DB04-42E8-9E17-50B651E8A597}.Release|Any CPU.Build.0 = Release|Any CPU
		{1D7CC3FD-5B55-477F-8D76-1A7295B3393F}.Debug|Any CPU.ActiveCfg = Debug|Any CPU
		{1D7CC3FD-5B55-477F-8D76-1A7295B3393F}.Debug|Any CPU.Build.0 = Debug|Any CPU
		{1D7CC3FD-5B55-477F-8D76-1A7295B3393F}.Release|Any CPU.ActiveCfg = Release|Any CPU
		{1D7CC3FD-5B55-477F-8D76-1A7295B3393F}.Release|Any CPU.Build.0 = Release|Any CPU
		{E579448B-90E6-4CD6-AC8E-456532D6E47F}.Debug|Any CPU.ActiveCfg = Debug|Any CPU
		{E579448B-90E6-4CD6-AC8E-456532D6E47F}.Debug|Any CPU.Build.0 = Debug|Any CPU
		{E579448B-90E6-4CD6-AC8E-456532D6E47F}.Release|Any CPU.ActiveCfg = Release|Any CPU
		{E579448B-90E6-4CD6-AC8E-456532D6E47F}.Release|Any CPU.Build.0 = Release|Any CPU
		{34EC09FF-678C-456C-B262-2079D004364A}.Debug|Any CPU.ActiveCfg = Debug|Any CPU
		{34EC09FF-678C-456C-B262-2079D004364A}.Debug|Any CPU.Build.0 = Debug|Any CPU
		{34EC09FF-678C-456C-B262-2079D004364A}.Release|Any CPU.ActiveCfg = Release|Any CPU
		{34EC09FF-678C-456C-B262-2079D004364A}.Release|Any CPU.Build.0 = Release|Any CPU
		{3317BC45-7C3B-48ED-A213-FCF3CC2DB1F0}.Debug|Any CPU.ActiveCfg = Debug|Any CPU
		{3317BC45-7C3B-48ED-A213-FCF3CC2DB1F0}.Debug|Any CPU.Build.0 = Debug|Any CPU
		{3317BC45-7C3B-48ED-A213-FCF3CC2DB1F0}.Release|Any CPU.ActiveCfg = Release|Any CPU
		{3317BC45-7C3B-48ED-A213-FCF3CC2DB1F0}.Release|Any CPU.Build.0 = Release|Any CPU
		{6E6859F6-D453-449C-B766-D6AA27B8E205}.Debug|Any CPU.ActiveCfg = Debug|Any CPU
		{6E6859F6-D453-449C-B766-D6AA27B8E205}.Debug|Any CPU.Build.0 = Debug|Any CPU
		{6E6859F6-D453-449C-B766-D6AA27B8E205}.Release|Any CPU.ActiveCfg = Release|Any CPU
		{6E6859F6-D453-449C-B766-D6AA27B8E205}.Release|Any CPU.Build.0 = Release|Any CPU
	EndGlobalSection
	GlobalSection(SolutionProperties) = preSolution
		HideSolutionNode = FALSE
	EndGlobalSection
	GlobalSection(ExtensibilityGlobals) = postSolution
		SolutionGuid = {10366E8C-4D73-4344-B0DB-4A4B7E999ADC}
	EndGlobalSection
EndGlobal
